
Microsoft Visual Studio Solution File, Format Version 12.00
# Visual Studio Version 16
VisualStudioVersion = 16.0.31205.134
MinimumVisualStudioVersion = 10.0.40219.1
Project("{FAE04EC0-301F-11D3-BF4B-00C04F79EFBC}") = "NeuralNetwork", "NeuralNetwork\NeuralNetwork.csproj", "{C9365451-1FBE-4CB1-99B5-283E757856C0}"
EndProject
Global
	GlobalSection(SolutionConfigurationPlatforms) = preSolution
		Debug|Any CPU = Debug|Any CPU
		Release|Any CPU = Release|Any CPU
	EndGlobalSection
	GlobalSection(ProjectConfigurationPlatforms) = postSolution
		{C9365451-1FBE-4CB1-99B5-283E757856C0}.Debug|Any CPU.ActiveCfg = Debug|Any CPU
		{C9365451-1FBE-4CB1-99B5-283E757856C0}.Debug|Any CPU.Build.0 = Debug|Any CPU
		{C9365451-1FBE-4CB1-99B5-283E757856C0}.Release|Any CPU.ActiveCfg = Release|Any CPU
		{C9365451-1FBE-4CB1-99B5-283E757856C0}.Release|Any CPU.Build.0 = Release|Any CPU
	EndGlobalSection
	GlobalSection(SolutionProperties) = preSolution
		HideSolutionNode = FALSE
	EndGlobalSection
	GlobalSection(ExtensibilityGlobals) = postSolution
		SolutionGuid = {EE14B453-567F-473B-A6E1-45191CF84694}
	EndGlobalSection
EndGlobal
